
Microsoft Visual Studio Solution File, Format Version 12.00
# Visual Studio Version 17
VisualStudioVersion = 17.5.002.0
MinimumVisualStudioVersion = 10.0.40219.1
Project("{9A19103F-16F7-4668-BE54-9A1E7A4F7556}") = "l03-assignment", "l03-assignment.csproj", "{0D6422BE-5759-4B15-9DAF-B32B2BAB51FB}"
EndProject
Global
	GlobalSection(SolutionConfigurationPlatforms) = preSolution
		Debug|Any CPU = Debug|Any CPU
		Release|Any CPU = Release|Any CPU
	EndGlobalSection
	GlobalSection(ProjectConfigurationPlatforms) = postSolution
		{0D6422BE-5759-4B15-9DAF-B32B2BAB51FB}.Debug|Any CPU.ActiveCfg = Debug|Any CPU
		{0D6422BE-5759-4B15-9DAF-B32B2BAB51FB}.Debug|Any CPU.Build.0 = Debug|Any CPU
		{0D6422BE-5759-4B15-9DAF-B32B2BAB51FB}.Release|Any CPU.ActiveCfg = Release|Any CPU
		{0D6422BE-5759-4B15-9DAF-B32B2BAB51FB}.Release|Any CPU.Build.0 = Release|Any CPU
	EndGlobalSection
	GlobalSection(SolutionProperties) = preSolution
		HideSolutionNode = FALSE
	EndGlobalSection
	GlobalSection(ExtensibilityGlobals) = postSolution
		SolutionGuid = {82E1957B-727D-4F44-909A-BA9413993524}
	EndGlobalSection
EndGlobal
